
Microsoft Visual Studio Solution File, Format Version 12.00
# Visual Studio Version 17
VisualStudioVersion = 17.11.35219.272
MinimumVisualStudioVersion = 10.0.40219.1
Project("{FAE04EC0-301F-11D3-BF4B-00C04F79EFBC}") = "Erettsegi", "Erettsegi\Erettsegi.csproj", "{0C3F1F43-193F-4049-BE35-3D9FF6E9C3F2}"
EndProject
Global
	GlobalSection(SolutionConfigurationPlatforms) = preSolution
		Debug|Any CPU = Debug|Any CPU
		Release|Any CPU = Release|Any CPU
	EndGlobalSection
	GlobalSection(ProjectConfigurationPlatforms) = postSolution
		{0C3F1F43-193F-4049-BE35-3D9FF6E9C3F2}.Debug|Any CPU.ActiveCfg = Debug|Any CPU
		{0C3F1F43-193F-4049-BE35-3D9FF6E9C3F2}.Debug|Any CPU.Build.0 = Debug|Any CPU
		{0C3F1F43-193F-4049-BE35-3D9FF6E9C3F2}.Release|Any CPU.ActiveCfg = Release|Any CPU
		{0C3F1F43-193F-4049-BE35-3D9FF6E9C3F2}.Release|Any CPU.Build.0 = Release|Any CPU
	EndGlobalSection
	GlobalSection(SolutionProperties) = preSolution
		HideSolutionNode = FALSE
	EndGlobalSection
	GlobalSection(ExtensibilityGlobals) = postSolution
		SolutionGuid = {E7D78D08-AC7A-4088-AF2D-6F3DD4F88FE1}
	EndGlobalSection
EndGlobal
